{
  "name": "yason",
  "version": "1.0.0",
  "lockfileVersion": 2,
  "requires": true,
  "packages": {
    "": {
      "name": "yason",
      "version": "1.0.0",
      "license": "ISC",
      "dependencies": {
        "nanoparse": "^1.0.0"
      }
    },
    "node_modules/nanoparse": {
      "version": "1.0.0",
      "resolved": "https://registry.npmjs.org/nanoparse/-/nanoparse-1.0.0.tgz",
      "integrity": "sha512-XvA0GUmgWR1KrCThHlpSqvYtne3biaza9xZ/1NbfZ/y/5TnENNtOmJmtrI1HVUTLHHHQ0GqJxLKFQzsw6gQoGg=="
    }
  },
  "dependencies": {
    "nanoparse": {
      "version": "1.0.0",
      "resolved": "https://registry.npmjs.org/nanoparse/-/nanoparse-1.0.0.tgz",
      "integrity": "sha512-XvA0GUmgWR1KrCThHlpSqvYtne3biaza9xZ/1NbfZ/y/5TnENNtOmJmtrI1HVUTLHHHQ0GqJxLKFQzsw6gQoGg=="
    }
  }
}
